
Microsoft Visual Studio Solution File, Format Version 12.00
# Visual Studio 15
VisualStudioVersion = 15.0.26124.0
MinimumVisualStudioVersion = 15.0.26124.0
Project("{2150E333-8FDC-42A3-9474-1A3956D46DE8}") = "Tests", "Tests", "{BF23CEE7-D39F-4B61-82BD-DF8AE80271D8}"
EndProject
Project("{2150E333-8FDC-42A3-9474-1A3956D46DE8}") = "Libraries", "Libraries", "{5145700E-0D0C-4FD7-8FA8-4EBDA649A500}"
EndProject
Project("{F2A71F9B-5D33-465A-A702-920D77279786}") = "LoreBuilder", "src\LoreBuilder\LoreBuilder.fsproj", "{E32DA584-A228-48DA-BB99-F4658D1C4021}"
EndProject
Project("{F2A71F9B-5D33-465A-A702-920D77279786}") = "LoreBuilder.Test", "src\LoreBuilder.Test\LoreBuilder.Test.fsproj", "{C9995C48-0457-43E7-A753-152DA7611077}"
EndProject
Project("{F2A71F9B-5D33-465A-A702-920D77279786}") = "FunSharp.Common", "src\FunSharp.Common\FunSharp.Common.fsproj", "{C26AFF4C-5ED0-483C-B378-6AA79986BCBA}"
EndProject
Project("{F2A71F9B-5D33-465A-A702-920D77279786}") = "FunSharp.Components", "src\FunSharp.Components\FunSharp.Components.fsproj", "{1752CB71-5BD7-4211-A3FB-971CF13E0575}"
EndProject
Project("{F2A71F9B-5D33-465A-A702-920D77279786}") = "FunSharp.Common.Test", "src\FunSharp.Common.Test\FunSharp.Common.Test.fsproj", "{6C2A7D35-620E-4579-BE1E-EA2A7F9E47C7}"
EndProject
Project("{F2A71F9B-5D33-465A-A702-920D77279786}") = "LoreBuilder.Test.Common", "src\LoreBuilder.Test.Common\LoreBuilder.Test.Common.fsproj", "{8CAB440B-7F07-4BB1-B29A-07087E9A83B3}"
EndProject
Project("{F2A71F9B-5D33-465A-A702-920D77279786}") = "FunSharp.Components.Test", "src\FunSharp.Components.Test\FunSharp.Components.Test.fsproj", "{5363C46D-B5B2-40E7-A4E5-0336F6B99AF6}"
EndProject
Project("{2150E333-8FDC-42A3-9474-1A3956D46DE8}") = "External", "External", "{B0BE766B-A3B6-43B5-B3AB-C1B90474742B}"
EndProject
Project("{FAE04EC0-301F-11D3-BF4B-00C04F79EFBC}") = "Plk.Blazor.DragDrop", "external\blazor-dragdrop\Plk.Blazor.DragDrop\Plk.Blazor.DragDrop.csproj", "{0B3AD4AB-7AD6-4999-8682-1CA059120E41}"
EndProject
Global
	GlobalSection(SolutionConfigurationPlatforms) = preSolution
		Debug|Any CPU = Debug|Any CPU
		Release|Any CPU = Release|Any CPU
	EndGlobalSection
	GlobalSection(ProjectConfigurationPlatforms) = postSolution
		{E32DA584-A228-48DA-BB99-F4658D1C4021}.Debug|Any CPU.ActiveCfg = Debug|Any CPU
		{E32DA584-A228-48DA-BB99-F4658D1C4021}.Debug|Any CPU.Build.0 = Debug|Any CPU
		{E32DA584-A228-48DA-BB99-F4658D1C4021}.Release|Any CPU.ActiveCfg = Release|Any CPU
		{E32DA584-A228-48DA-BB99-F4658D1C4021}.Release|Any CPU.Build.0 = Release|Any CPU
		{C9995C48-0457-43E7-A753-152DA7611077}.Debug|Any CPU.ActiveCfg = Debug|Any CPU
		{C9995C48-0457-43E7-A753-152DA7611077}.Debug|Any CPU.Build.0 = Debug|Any CPU
		{C9995C48-0457-43E7-A753-152DA7611077}.Release|Any CPU.ActiveCfg = Release|Any CPU
		{C26AFF4C-5ED0-483C-B378-6AA79986BCBA}.Debug|Any CPU.ActiveCfg = Debug|Any CPU
		{C26AFF4C-5ED0-483C-B378-6AA79986BCBA}.Debug|Any CPU.Build.0 = Debug|Any CPU
		{C26AFF4C-5ED0-483C-B378-6AA79986BCBA}.Release|Any CPU.ActiveCfg = Release|Any CPU
		{C26AFF4C-5ED0-483C-B378-6AA79986BCBA}.Release|Any CPU.Build.0 = Release|Any CPU
		{1752CB71-5BD7-4211-A3FB-971CF13E0575}.Debug|Any CPU.ActiveCfg = Debug|Any CPU
		{1752CB71-5BD7-4211-A3FB-971CF13E0575}.Debug|Any CPU.Build.0 = Debug|Any CPU
		{1752CB71-5BD7-4211-A3FB-971CF13E0575}.Release|Any CPU.ActiveCfg = Release|Any CPU
		{1752CB71-5BD7-4211-A3FB-971CF13E0575}.Release|Any CPU.Build.0 = Release|Any CPU
		{6C2A7D35-620E-4579-BE1E-EA2A7F9E47C7}.Debug|Any CPU.ActiveCfg = Debug|Any CPU
		{6C2A7D35-620E-4579-BE1E-EA2A7F9E47C7}.Debug|Any CPU.Build.0 = Debug|Any CPU
		{6C2A7D35-620E-4579-BE1E-EA2A7F9E47C7}.Release|Any CPU.ActiveCfg = Release|Any CPU
		{8CAB440B-7F07-4BB1-B29A-07087E9A83B3}.Debug|Any CPU.ActiveCfg = Debug|Any CPU
		{8CAB440B-7F07-4BB1-B29A-07087E9A83B3}.Debug|Any CPU.Build.0 = Debug|Any CPU
		{8CAB440B-7F07-4BB1-B29A-07087E9A83B3}.Release|Any CPU.ActiveCfg = Release|Any CPU
		{5363C46D-B5B2-40E7-A4E5-0336F6B99AF6}.Debug|Any CPU.ActiveCfg = Debug|Any CPU
		{5363C46D-B5B2-40E7-A4E5-0336F6B99AF6}.Debug|Any CPU.Build.0 = Debug|Any CPU
		{5363C46D-B5B2-40E7-A4E5-0336F6B99AF6}.Release|Any CPU.ActiveCfg = Release|Any CPU
		{0B3AD4AB-7AD6-4999-8682-1CA059120E41}.Debug|Any CPU.ActiveCfg = Debug|Any CPU
		{0B3AD4AB-7AD6-4999-8682-1CA059120E41}.Debug|Any CPU.Build.0 = Debug|Any CPU
		{0B3AD4AB-7AD6-4999-8682-1CA059120E41}.Release|Any CPU.ActiveCfg = Release|Any CPU
		{0B3AD4AB-7AD6-4999-8682-1CA059120E41}.Release|Any CPU.Build.0 = Release|Any CPU
	EndGlobalSection
	GlobalSection(SolutionProperties) = preSolution
		HideSolutionNode = FALSE
	EndGlobalSection
	GlobalSection(NestedProjects) = preSolution
		{C9995C48-0457-43E7-A753-152DA7611077} = {BF23CEE7-D39F-4B61-82BD-DF8AE80271D8}
		{C26AFF4C-5ED0-483C-B378-6AA79986BCBA} = {5145700E-0D0C-4FD7-8FA8-4EBDA649A500}
		{1752CB71-5BD7-4211-A3FB-971CF13E0575} = {5145700E-0D0C-4FD7-8FA8-4EBDA649A500}
		{6C2A7D35-620E-4579-BE1E-EA2A7F9E47C7} = {BF23CEE7-D39F-4B61-82BD-DF8AE80271D8}
		{8CAB440B-7F07-4BB1-B29A-07087E9A83B3} = {BF23CEE7-D39F-4B61-82BD-DF8AE80271D8}
		{5363C46D-B5B2-40E7-A4E5-0336F6B99AF6} = {BF23CEE7-D39F-4B61-82BD-DF8AE80271D8}
		{0B3AD4AB-7AD6-4999-8682-1CA059120E41} = {B0BE766B-A3B6-43B5-B3AB-C1B90474742B}
	EndGlobalSection
	GlobalSection(ExtensibilityGlobals) = postSolution
		SolutionGuid = {8CFD6033-FB8D-48BE-9628-9D83DC023CAB}
	EndGlobalSection
EndGlobal
